// !$*UTF8*$!
{
	archiveVersion = 1;
	classes = {
	};
	objectVersion = 55;
	objects = {

/* Begin PBXBuildFile section */
		54CF0F57285D8984007F833A /* ThreadHubApp.swift in Sources */ = {isa = PBXBuildFile; fileRef = 54CF0F56285D8984007F833A /* ThreadHubApp.swift */; };
		54CF0F59285D8984007F833A /* ContentView.swift in Sources */ = {isa = PBXBuildFile; fileRef = 54CF0F58285D8984007F833A /* ContentView.swift */; };
		54CF0F5B285D8985007F833A /* Assets.xcassets in Resources */ = {isa = PBXBuildFile; fileRef = 54CF0F5A285D8985007F833A /* Assets.xcassets */; };
		54CF0F5E285D8985007F833A /* Preview Assets.xcassets in Resources */ = {isa = PBXBuildFile; fileRef = 54CF0F5D285D8985007F833A /* Preview Assets.xcassets */; };
		54CF0F6A285D8B59007F833A /* FirstView.swift in Sources */ = {isa = PBXBuildFile; fileRef = 54CF0F69285D8B59007F833A /* FirstView.swift */; };
		54CF0F6F285D8CB5007F833A /* Localizable.strings in Resources */ = {isa = PBXBuildFile; fileRef = 54CF0F71285D8CB5007F833A /* Localizable.strings */; };
		54CF0F75285D8DD7007F833A /* FirebaseAuth in Frameworks */ = {isa = PBXBuildFile; productRef = 54CF0F74285D8DD7007F833A /* FirebaseAuth */; };
		54CF0F77285D8DD7007F833A /* FirebaseFirestore in Frameworks */ = {isa = PBXBuildFile; productRef = 54CF0F76285D8DD7007F833A /* FirebaseFirestore */; };
		54CF0F7B285D8EA5007F833A /* GoogleService-Info.plist in Resources */ = {isa = PBXBuildFile; fileRef = 54CF0F7A285D8EA5007F833A /* GoogleService-Info.plist */; };
		54CF0F7D285D8FB8007F833A /* Thread.swift in Sources */ = {isa = PBXBuildFile; fileRef = 54CF0F7C285D8FB8007F833A /* Thread.swift */; };
		54CF0F7F285D9126007F833A /* ThreadsViewModel.swift in Sources */ = {isa = PBXBuildFile; fileRef = 54CF0F7E285D9126007F833A /* ThreadsViewModel.swift */; };
		54CF0F81285D9392007F833A /* ThreadRow.swift in Sources */ = {isa = PBXBuildFile; fileRef = 54CF0F80285D9392007F833A /* ThreadRow.swift */; };
		54CF0F83285D9607007F833A /* CreateThreadView.swift in Sources */ = {isa = PBXBuildFile; fileRef = 54CF0F82285D9607007F833A /* CreateThreadView.swift */; };
		54CF0F85285D97C6007F833A /* MyTextEditor.swift in Sources */ = {isa = PBXBuildFile; fileRef = 54CF0F84285D97C6007F833A /* MyTextEditor.swift */; };
		54CF0F87285D9A4A007F833A /* FireThread.swift in Sources */ = {isa = PBXBuildFile; fileRef = 54CF0F86285D9A4A007F833A /* FireThread.swift */; };
		54CF0F89285D9ACD007F833A /* FireAuth.swift in Sources */ = {isa = PBXBuildFile; fileRef = 54CF0F88285D9ACD007F833A /* FireAuth.swift */; };
		54CF0F8B285DA584007F833A /* ThreadView.swift in Sources */ = {isa = PBXBuildFile; fileRef = 54CF0F8A285DA584007F833A /* ThreadView.swift */; };
		54CF0F8D285DA5EC007F833A /* CommentRow.swift in Sources */ = {isa = PBXBuildFile; fileRef = 54CF0F8C285DA5EC007F833A /* CommentRow.swift */; };
		54CF0F8F285DA6C2007F833A /* Comment.swift in Sources */ = {isa = PBXBuildFile; fileRef = 54CF0F8E285DA6C2007F833A /* Comment.swift */; };
		54CF0F91285DA867007F833A /* FireComment.swift in Sources */ = {isa = PBXBuildFile; fileRef = 54CF0F90285DA867007F833A /* FireComment.swift */; };
		54CF0F93285DADDE007F833A /* CommentsViewModel.swift in Sources */ = {isa = PBXBuildFile; fileRef = 54CF0F92285DADDE007F833A /* CommentsViewModel.swift */; };
		54CF0F95285DB59D007F833A /* CreateCommentView.swift in Sources */ = {isa = PBXBuildFile; fileRef = 54CF0F94285DB59D007F833A /* CreateCommentView.swift */; };
/* End PBXBuildFile section */

/* Begin PBXFileReference section */
		54CF0F53285D8984007F833A /* ThreadHub.app */ = {isa = PBXFileReference; explicitFileType = wrapper.application; includeInIndex = 0; path = ThreadHub.app; sourceTree = BUILT_PRODUCTS_DIR; };
		54CF0F56285D8984007F833A /* ThreadHubApp.swift */ = {isa = PBXFileReference; lastKnownFileType = sourcecode.swift; path = ThreadHubApp.swift; sourceTree = "<group>"; };
		54CF0F58285D8984007F833A /* ContentView.swift */ = {isa = PBXFileReference; lastKnownFileType = sourcecode.swift; path = ContentView.swift; sourceTree = "<group>"; };
		54CF0F5A285D8985007F833A /* Assets.xcassets */ = {isa = PBXFileReference; lastKnownFileType = folder.assetcatalog; path = Assets.xcassets; sourceTree = "<group>"; };
		54CF0F5D285D8985007F833A /* Preview Assets.xcassets */ = {isa = PBXFileReference; lastKnownFileType = folder.assetcatalog; path = "Preview Assets.xcassets"; sourceTree = "<group>"; };
		54CF0F69285D8B59007F833A /* FirstView.swift */ = {isa = PBXFileReference; lastKnownFileType = sourcecode.swift; path = FirstView.swift; sourceTree = "<group>"; };
		54CF0F70285D8CB5007F833A /* en */ = {isa = PBXFileReference; lastKnownFileType = text.plist.strings; name = en; path = en.lproj/Localizable.strings; sourceTree = "<group>"; };
		54CF0F72285D8CCD007F833A /* ja */ = {isa = PBXFileReference; lastKnownFileType = text.plist.strings; name = ja; path = ja.lproj/Localizable.strings; sourceTree = "<group>"; };
		54CF0F7A285D8EA5007F833A /* GoogleService-Info.plist */ = {isa = PBXFileReference; fileEncoding = 4; lastKnownFileType = text.plist.xml; path = "GoogleService-Info.plist"; sourceTree = "<group>"; };
		54CF0F7C285D8FB8007F833A /* Thread.swift */ = {isa = PBXFileReference; lastKnownFileType = sourcecode.swift; path = Thread.swift; sourceTree = "<group>"; };
		54CF0F7E285D9126007F833A /* ThreadsViewModel.swift */ = {isa = PBXFileReference; lastKnownFileType = sourcecode.swift; path = ThreadsViewModel.swift; sourceTree = "<group>"; };
		54CF0F80285D9392007F833A /* ThreadRow.swift */ = {isa = PBXFileReference; lastKnownFileType = sourcecode.swift; path = ThreadRow.swift; sourceTree = "<group>"; };
		54CF0F82285D9607007F833A /* CreateThreadView.swift */ = {isa = PBXFileReference; lastKnownFileType = sourcecode.swift; path = CreateThreadView.swift; sourceTree = "<group>"; };
		54CF0F84285D97C6007F833A /* MyTextEditor.swift */ = {isa = PBXFileReference; lastKnownFileType = sourcecode.swift; path = MyTextEditor.swift; sourceTree = "<group>"; };
		54CF0F86285D9A4A007F833A /* FireThread.swift */ = {isa = PBXFileReference; lastKnownFileType = sourcecode.swift; path = FireThread.swift; sourceTree = "<group>"; };
		54CF0F88285D9ACD007F833A /* FireAuth.swift */ = {isa = PBXFileReference; lastKnownFileType = sourcecode.swift; path = FireAuth.swift; sourceTree = "<group>"; };
		54CF0F8A285DA584007F833A /* ThreadView.swift */ = {isa = PBXFileReference; lastKnownFileType = sourcecode.swift; path = ThreadView.swift; sourceTree = "<group>"; };
		54CF0F8C285DA5EC007F833A /* CommentRow.swift */ = {isa = PBXFileReference; lastKnownFileType = sourcecode.swift; path = CommentRow.swift; sourceTree = "<group>"; };
		54CF0F8E285DA6C2007F833A /* Comment.swift */ = {isa = PBXFileReference; lastKnownFileType = sourcecode.swift; path = Comment.swift; sourceTree = "<group>"; };
		54CF0F90285DA867007F833A /* FireComment.swift */ = {isa = PBXFileReference; lastKnownFileType = sourcecode.swift; path = FireComment.swift; sourceTree = "<group>"; };
		54CF0F92285DADDE007F833A /* CommentsViewModel.swift */ = {isa = PBXFileReference; lastKnownFileType = sourcecode.swift; path = CommentsViewModel.swift; sourceTree = "<group>"; };
		54CF0F94285DB59D007F833A /* CreateCommentView.swift */ = {isa = PBXFileReference; lastKnownFileType = sourcecode.swift; path = CreateCommentView.swift; sourceTree = "<group>"; };
/* End PBXFileReference section */

/* Begin PBXFrameworksBuildPhase section */
		54CF0F50285D8984007F833A /* Frameworks */ = {
			isa = PBXFrameworksBuildPhase;
			buildActionMask = 2147483647;
			files = (
				54CF0F75285D8DD7007F833A /* FirebaseAuth in Frameworks */,
				54CF0F77285D8DD7007F833A /* FirebaseFirestore in Frameworks */,
			);
			runOnlyForDeploymentPostprocessing = 0;
		};
/* End PBXFrameworksBuildPhase section */

/* Begin PBXGroup section */
		54CF0F4A285D8984007F833A = {
			isa = PBXGroup;
			children = (
				54CF0F55285D8984007F833A /* ThreadHub */,
				54CF0F54285D8984007F833A /* Products */,
			);
			sourceTree = "<group>";
		};
		54CF0F54285D8984007F833A /* Products */ = {
			isa = PBXGroup;
			children = (
				54CF0F53285D8984007F833A /* ThreadHub.app */,
			);
			name = Products;
			sourceTree = "<group>";
		};
		54CF0F55285D8984007F833A /* ThreadHub */ = {
			isa = PBXGroup;
			children = (
				54CF0F7A285D8EA5007F833A /* GoogleService-Info.plist */,
				54CF0F56285D8984007F833A /* ThreadHubApp.swift */,
				54CF0F64285D8ACC007F833A /* Screens */,
				54CF0F67285D8AE1007F833A /* Components */,
				54CF0F65285D8AD4007F833A /* Entities */,
				54CF0F66285D8ADB007F833A /* ViewModels */,
				54CF0F68285D8AE8007F833A /* Utilities */,
				54CF0F71285D8CB5007F833A /* Localizable.strings */,
				54CF0F5A285D8985007F833A /* Assets.xcassets */,
				54CF0F5C285D8985007F833A /* Preview Content */,
			);
			path = ThreadHub;
			sourceTree = "<group>";
		};
		54CF0F5C285D8985007F833A /* Preview Content */ = {
			isa = PBXGroup;
			children = (
				54CF0F5D285D8985007F833A /* Preview Assets.xcassets */,
			);
			path = "Preview Content";
			sourceTree = "<group>";
		};
		54CF0F64285D8ACC007F833A /* Screens */ = {
			isa = PBXGroup;
			children = (
				54CF0F58285D8984007F833A /* ContentView.swift */,
				54CF0F69285D8B59007F833A /* FirstView.swift */,
				54CF0F82285D9607007F833A /* CreateThreadView.swift */,
				54CF0F8A285DA584007F833A /* ThreadView.swift */,
				54CF0F94285DB59D007F833A /* CreateCommentView.swift */,
			);
			path = Screens;
			sourceTree = "<group>";
		};
		54CF0F65285D8AD4007F833A /* Entities */ = {
			isa = PBXGroup;
			children = (
				54CF0F7C285D8FB8007F833A /* Thread.swift */,
				54CF0F8E285DA6C2007F833A /* Comment.swift */,
			);
			path = Entities;
			sourceTree = "<group>";
		};
		54CF0F66285D8ADB007F833A /* ViewModels */ = {
			isa = PBXGroup;
			children = (
				54CF0F7E285D9126007F833A /* ThreadsViewModel.swift */,
				54CF0F92285DADDE007F833A /* CommentsViewModel.swift */,
			);
			path = ViewModels;
			sourceTree = "<group>";
		};
		54CF0F67285D8AE1007F833A /* Components */ = {
			isa = PBXGroup;
			children = (
				54CF0F80285D9392007F833A /* ThreadRow.swift */,
				54CF0F8C285DA5EC007F833A /* CommentRow.swift */,
				54CF0F84285D97C6007F833A /* MyTextEditor.swift */,
			);
			path = Components;
			sourceTree = "<group>";
		};
		54CF0F68285D8AE8007F833A /* Utilities */ = {
			isa = PBXGroup;
			children = (
				54CF0F88285D9ACD007F833A /* FireAuth.swift */,
				54CF0F86285D9A4A007F833A /* FireThread.swift */,
				54CF0F90285DA867007F833A /* FireComment.swift */,
			);
			path = Utilities;
			sourceTree = "<group>";
		};
/* End PBXGroup section */

/* Begin PBXNativeTarget section */
		54CF0F52285D8984007F833A /* ThreadHub */ = {
			isa = PBXNativeTarget;
			buildConfigurationList = 54CF0F61285D8985007F833A /* Build configuration list for PBXNativeTarget "ThreadHub" */;
			buildPhases = (
				54CF0F4F285D8984007F833A /* Sources */,
				54CF0F50285D8984007F833A /* Frameworks */,
				54CF0F51285D8984007F833A /* Resources */,
			);
			buildRules = (
			);
			dependencies = (
			);
			name = ThreadHub;
			packageProductDependencies = (
				54CF0F74285D8DD7007F833A /* FirebaseAuth */,
				54CF0F76285D8DD7007F833A /* FirebaseFirestore */,
			);
			productName = ThreadHub;
			productReference = 54CF0F53285D8984007F833A /* ThreadHub.app */;
			productType = "com.apple.product-type.application";
		};
/* End PBXNativeTarget section */

/* Begin PBXProject section */
		54CF0F4B285D8984007F833A /* Project object */ = {
			isa = PBXProject;
			attributes = {
				BuildIndependentTargetsInParallel = 1;
				LastSwiftUpdateCheck = 1340;
				LastUpgradeCheck = 1340;
				TargetAttributes = {
					54CF0F52285D8984007F833A = {
						CreatedOnToolsVersion = 13.4.1;
					};
				};
			};
			buildConfigurationList = 54CF0F4E285D8984007F833A /* Build configuration list for PBXProject "ThreadHub" */;
			compatibilityVersion = "Xcode 13.0";
			developmentRegion = en;
			hasScannedForEncodings = 0;
			knownRegions = (
				en,
				Base,
				ja,
			);
			mainGroup = 54CF0F4A285D8984007F833A;
			packageReferences = (
				54CF0F73285D8DD7007F833A /* XCRemoteSwiftPackageReference "firebase-ios-sdk" */,
			);
			productRefGroup = 54CF0F54285D8984007F833A /* Products */;
			projectDirPath = "";
			projectRoot = "";
			targets = (
				54CF0F52285D8984007F833A /* ThreadHub */,
			);
		};
/* End PBXProject section */

/* Begin PBXResourcesBuildPhase section */
		54CF0F51285D8984007F833A /* Resources */ = {
			isa = PBXResourcesBuildPhase;
			buildActionMask = 2147483647;
			files = (
				54CF0F5E285D8985007F833A /* Preview Assets.xcassets in Resources */,
				54CF0F7B285D8EA5007F833A /* GoogleService-Info.plist in Resources */,
				54CF0F6F285D8CB5007F833A /* Localizable.strings in Resources */,
				54CF0F5B285D8985007F833A /* Assets.xcassets in Resources */,
			);
			runOnlyForDeploymentPostprocessing = 0;
		};
/* End PBXResourcesBuildPhase section */

/* Begin PBXSourcesBuildPhase section */
		54CF0F4F285D8984007F833A /* Sources */ = {
			isa = PBXSourcesBuildPhase;
			buildActionMask = 2147483647;
			files = (
				54CF0F93285DADDE007F833A /* CommentsViewModel.swift in Sources */,
				54CF0F59285D8984007F833A /* ContentView.swift in Sources */,
				54CF0F8B285DA584007F833A /* ThreadView.swift in Sources */,
				54CF0F8D285DA5EC007F833A /* CommentRow.swift in Sources */,
				54CF0F95285DB59D007F833A /* CreateCommentView.swift in Sources */,
				54CF0F6A285D8B59007F833A /* FirstView.swift in Sources */,
				54CF0F81285D9392007F833A /* ThreadRow.swift in Sources */,
				54CF0F57285D8984007F833A /* ThreadHubApp.swift in Sources */,
				54CF0F7D285D8FB8007F833A /* Thread.swift in Sources */,
				54CF0F83285D9607007F833A /* CreateThreadView.swift in Sources */,
				54CF0F8F285DA6C2007F833A /* Comment.swift in Sources */,
				54CF0F91285DA867007F833A /* FireComment.swift in Sources */,
				54CF0F7F285D9126007F833A /* ThreadsViewModel.swift in Sources */,
				54CF0F89285D9ACD007F833A /* FireAuth.swift in Sources */,
				54CF0F85285D97C6007F833A /* MyTextEditor.swift in Sources */,
				54CF0F87285D9A4A007F833A /* FireThread.swift in Sources */,
			);
			runOnlyForDeploymentPostprocessing = 0;
		};
/* End PBXSourcesBuildPhase section */

/* Begin PBXVariantGroup section */
		54CF0F71285D8CB5007F833A /* Localizable.strings */ = {
			isa = PBXVariantGroup;
			children = (
				54CF0F70285D8CB5007F833A /* en */,
				54CF0F72285D8CCD007F833A /* ja */,
			);
			name = Localizable.strings;
			sourceTree = "<group>";
		};
/* End PBXVariantGroup section */

/* Begin XCBuildConfiguration section */
		54CF0F5F285D8985007F833A /* Debug */ = {
			isa = XCBuildConfiguration;
			buildSettings = {
				ALWAYS_SEARCH_USER_PATHS = NO;
				CLANG_ANALYZER_LOCALIZABILITY_NONLOCALIZED = YES;
				CLANG_ANALYZER_NONNULL = YES;
				CLANG_ANALYZER_NUMBER_OBJECT_CONVERSION = YES_AGGRESSIVE;
				CLANG_CXX_LANGUAGE_STANDARD = "gnu++17";
				CLANG_ENABLE_MODULES = YES;
				CLANG_ENABLE_OBJC_ARC = YES;
				CLANG_ENABLE_OBJC_WEAK = YES;
				CLANG_WARN_BLOCK_CAPTURE_AUTORELEASING = YES;
				CLANG_WARN_BOOL_CONVERSION = YES;
				CLANG_WARN_COMMA = YES;
				CLANG_WARN_CONSTANT_CONVERSION = YES;
				CLANG_WARN_DEPRECATED_OBJC_IMPLEMENTATIONS = YES;
				CLANG_WARN_DIRECT_OBJC_ISA_USAGE = YES_ERROR;
				CLANG_WARN_DOCUMENTATION_COMMENTS = YES;
				CLANG_WARN_EMPTY_BODY = YES;
				CLANG_WARN_ENUM_CONVERSION = YES;
				CLANG_WARN_INFINITE_RECURSION = YES;
				CLANG_WARN_INT_CONVERSION = YES;
				CLANG_WARN_NON_LITERAL_NULL_CONVERSION = YES;
				CLANG_WARN_OBJC_IMPLICIT_RETAIN_SELF = YES;
				CLANG_WARN_OBJC_LITERAL_CONVERSION = YES;
				CLANG_WARN_OBJC_ROOT_CLASS = YES_ERROR;
				CLANG_WARN_QUOTED_INCLUDE_IN_FRAMEWORK_HEADER = YES;
				CLANG_WARN_RANGE_LOOP_ANALYSIS = YES;
				CLANG_WARN_STRICT_PROTOTYPES = YES;
				CLANG_WARN_SUSPICIOUS_MOVE = YES;
				CLANG_WARN_UNGUARDED_AVAILABILITY = YES_AGGRESSIVE;
				CLANG_WARN_UNREACHABLE_CODE = YES;
				CLANG_WARN__DUPLICATE_METHOD_MATCH = YES;
				COPY_PHASE_STRIP = NO;
				DEBUG_INFORMATION_FORMAT = dwarf;
				ENABLE_STRICT_OBJC_MSGSEND = YES;
				ENABLE_TESTABILITY = YES;
				GCC_C_LANGUAGE_STANDARD = gnu11;
				GCC_DYNAMIC_NO_PIC = NO;
				GCC_NO_COMMON_BLOCKS = YES;
				GCC_OPTIMIZATION_LEVEL = 0;
				GCC_PREPROCESSOR_DEFINITIONS = (
					"DEBUG=1",
					"$(inherited)",
				);
				GCC_WARN_64_TO_32_BIT_CONVERSION = YES;
				GCC_WARN_ABOUT_RETURN_TYPE = YES_ERROR;
				GCC_WARN_UNDECLARED_SELECTOR = YES;
				GCC_WARN_UNINITIALIZED_AUTOS = YES_AGGRESSIVE;
				GCC_WARN_UNUSED_FUNCTION = YES;
				GCC_WARN_UNUSED_VARIABLE = YES;
				IPHONEOS_DEPLOYMENT_TARGET = 15.5;
				MTL_ENABLE_DEBUG_INFO = INCLUDE_SOURCE;
				MTL_FAST_MATH = YES;
				ONLY_ACTIVE_ARCH = YES;
				SDKROOT = iphoneos;
				SWIFT_ACTIVE_COMPILATION_CONDITIONS = DEBUG;
				SWIFT_OPTIMIZATION_LEVEL = "-Onone";
			};
			name = Debug;
		};
		54CF0F60285D8985007F833A /* Release */ = {
			isa = XCBuildConfiguration;
			buildSettings = {
				ALWAYS_SEARCH_USER_PATHS = NO;
				CLANG_ANALYZER_LOCALIZABILITY_NONLOCALIZED = YES;
				CLANG_ANALYZER_NONNULL = YES;
				CLANG_ANALYZER_NUMBER_OBJECT_CONVERSION = YES_AGGRESSIVE;
				CLANG_CXX_LANGUAGE_STANDARD = "gnu++17";
				CLANG_ENABLE_MODULES = YES;
				CLANG_ENABLE_OBJC_ARC = YES;
				CLANG_ENABLE_OBJC_WEAK = YES;
				CLANG_WARN_BLOCK_CAPTURE_AUTORELEASING = YES;
				CLANG_WARN_BOOL_CONVERSION = YES;
				CLANG_WARN_COMMA = YES;
				CLANG_WARN_CONSTANT_CONVERSION = YES;
				CLANG_WARN_DEPRECATED_OBJC_IMPLEMENTATIONS = YES;
				CLANG_WARN_DIRECT_OBJC_ISA_USAGE = YES_ERROR;
				CLANG_WARN_DOCUMENTATION_COMMENTS = YES;
				CLANG_WARN_EMPTY_BODY = YES;
				CLANG_WARN_ENUM_CONVERSION = YES;
				CLANG_WARN_INFINITE_RECURSION = YES;
				CLANG_WARN_INT_CONVERSION = YES;
				CLANG_WARN_NON_LITERAL_NULL_CONVERSION = YES;
				CLANG_WARN_OBJC_IMPLICIT_RETAIN_SELF = YES;
				CLANG_WARN_OBJC_LITERAL_CONVERSION = YES;
				CLANG_WARN_OBJC_ROOT_CLASS = YES_ERROR;
				CLANG_WARN_QUOTED_INCLUDE_IN_FRAMEWORK_HEADER = YES;
				CLANG_WARN_RANGE_LOOP_ANALYSIS = YES;
				CLANG_WARN_STRICT_PROTOTYPES = YES;
				CLANG_WARN_SUSPICIOUS_MOVE = YES;
				CLANG_WARN_UNGUARDED_AVAILABILITY = YES_AGGRESSIVE;
				CLANG_WARN_UNREACHABLE_CODE = YES;
				CLANG_WARN__DUPLICATE_METHOD_MATCH = YES;
				COPY_PHASE_STRIP = NO;
				DEBUG_INFORMATION_FORMAT = "dwarf-with-dsym";
				ENABLE_NS_ASSERTIONS = NO;
				ENABLE_STRICT_OBJC_MSGSEND = YES;
				GCC_C_LANGUAGE_STANDARD = gnu11;
				GCC_NO_COMMON_BLOCKS = YES;
				GCC_WARN_64_TO_32_BIT_CONVERSION = YES;
				GCC_WARN_ABOUT_RETURN_TYPE = YES_ERROR;
				GCC_WARN_UNDECLARED_SELECTOR = YES;
				GCC_WARN_UNINITIALIZED_AUTOS = YES_AGGRESSIVE;
				GCC_WARN_UNUSED_FUNCTION = YES;
				GCC_WARN_UNUSED_VARIABLE = YES;
				IPHONEOS_DEPLOYMENT_TARGET = 15.5;
				MTL_ENABLE_DEBUG_INFO = NO;
				MTL_FAST_MATH = YES;
				SDKROOT = iphoneos;
				SWIFT_COMPILATION_MODE = wholemodule;
				SWIFT_OPTIMIZATION_LEVEL = "-O";
				VALIDATE_PRODUCT = YES;
			};
			name = Release;
		};
		54CF0F62285D8985007F833A /* Debug */ = {
			isa = XCBuildConfiguration;
			buildSettings = {
				ASSETCATALOG_COMPILER_APPICON_NAME = AppIcon;
				ASSETCATALOG_COMPILER_GLOBAL_ACCENT_COLOR_NAME = AccentColor;
				CODE_SIGN_STYLE = Automatic;
				CURRENT_PROJECT_VERSION = 1;
				DEVELOPMENT_ASSET_PATHS = "\"ThreadHub/Preview Content\"";
				DEVELOPMENT_TEAM = RY7754Y275;
				ENABLE_PREVIEWS = YES;
				GENERATE_INFOPLIST_FILE = YES;
				INFOPLIST_KEY_UIApplicationSceneManifest_Generation = YES;
				INFOPLIST_KEY_UIApplicationSupportsIndirectInputEvents = YES;
				INFOPLIST_KEY_UILaunchScreen_Generation = YES;
				INFOPLIST_KEY_UISupportedInterfaceOrientations_iPad = "UIInterfaceOrientationPortrait UIInterfaceOrientationPortraitUpsideDown UIInterfaceOrientationLandscapeLeft UIInterfaceOrientationLandscapeRight";
				INFOPLIST_KEY_UISupportedInterfaceOrientations_iPhone = "UIInterfaceOrientationPortrait UIInterfaceOrientationLandscapeLeft UIInterfaceOrientationLandscapeRight";
				LD_RUNPATH_SEARCH_PATHS = (
					"$(inherited)",
					"@executable_path/Frameworks",
				);
				MARKETING_VERSION = 1.0;
				PRODUCT_BUNDLE_IDENTIFIER = com.example.y.ThreadHub;
				PRODUCT_NAME = "$(TARGET_NAME)";
				SWIFT_EMIT_LOC_STRINGS = YES;
				SWIFT_VERSION = 5.0;
				TARGETED_DEVICE_FAMILY = "1,2";
			};
			name = Debug;
		};
		54CF0F63285D8985007F833A /* Release */ = {
			isa = XCBuildConfiguration;
			buildSettings = {
				ASSETCATALOG_COMPILER_APPICON_NAME = AppIcon;
				ASSETCATALOG_COMPILER_GLOBAL_ACCENT_COLOR_NAME = AccentColor;
				CODE_SIGN_STYLE = Automatic;
				CURRENT_PROJECT_VERSION = 1;
				DEVELOPMENT_ASSET_PATHS = "\"ThreadHub/Preview Content\"";
				DEVELOPMENT_TEAM = RY7754Y275;
				ENABLE_PREVIEWS = YES;
				GENERATE_INFOPLIST_FILE = YES;
				INFOPLIST_KEY_UIApplicationSceneManifest_Generation = YES;
				INFOPLIST_KEY_UIApplicationSupportsIndirectInputEvents = YES;
				INFOPLIST_KEY_UILaunchScreen_Generation = YES;
				INFOPLIST_KEY_UISupportedInterfaceOrientations_iPad = "UIInterfaceOrientationPortrait UIInterfaceOrientationPortraitUpsideDown UIInterfaceOrientationLandscapeLeft UIInterfaceOrientationLandscapeRight";
				INFOPLIST_KEY_UISupportedInterfaceOrientations_iPhone = "UIInterfaceOrientationPortrait UIInterfaceOrientationLandscapeLeft UIInterfaceOrientationLandscapeRight";
				LD_RUNPATH_SEARCH_PATHS = (
					"$(inherited)",
					"@executable_path/Frameworks",
				);
				MARKETING_VERSION = 1.0;
				PRODUCT_BUNDLE_IDENTIFIER = com.example.y.ThreadHub;
				PRODUCT_NAME = "$(TARGET_NAME)";
				SWIFT_EMIT_LOC_STRINGS = YES;
				SWIFT_VERSION = 5.0;
				TARGETED_DEVICE_FAMILY = "1,2";
			};
			name = Release;
		};
/* End XCBuildConfiguration section */

/* Begin XCConfigurationList section */
		54CF0F4E285D8984007F833A /* Build configuration list for PBXProject "ThreadHub" */ = {
			isa = XCConfigurationList;
			buildConfigurations = (
				54CF0F5F285D8985007F833A /* Debug */,
				54CF0F60285D8985007F833A /* Release */,
			);
			defaultConfigurationIsVisible = 0;
			defaultConfigurationName = Release;
		};
		54CF0F61285D8985007F833A /* Build configuration list for PBXNativeTarget "ThreadHub" */ = {
			isa = XCConfigurationList;
			buildConfigurations = (
				54CF0F62285D8985007F833A /* Debug */,
				54CF0F63285D8985007F833A /* Release */,
			);
			defaultConfigurationIsVisible = 0;
			defaultConfigurationName = Release;
		};
/* End XCConfigurationList section */

/* Begin XCRemoteSwiftPackageReference section */
		54CF0F73285D8DD7007F833A /* XCRemoteSwiftPackageReference "firebase-ios-sdk" */ = {
			isa = XCRemoteSwiftPackageReference;
			repositoryURL = "https://github.com/firebase/firebase-ios-sdk.git";
			requirement = {
				branch = master;
				kind = branch;
			};
		};
/* End XCRemoteSwiftPackageReference section */

/* Begin XCSwiftPackageProductDependency section */
		54CF0F74285D8DD7007F833A /* FirebaseAuth */ = {
			isa = XCSwiftPackageProductDependency;
			package = 54CF0F73285D8DD7007F833A /* XCRemoteSwiftPackageReference "firebase-ios-sdk" */;
			productName = FirebaseAuth;
		};
		54CF0F76285D8DD7007F833A /* FirebaseFirestore */ = {
			isa = XCSwiftPackageProductDependency;
			package = 54CF0F73285D8DD7007F833A /* XCRemoteSwiftPackageReference "firebase-ios-sdk" */;
			productName = FirebaseFirestore;
		};
/* End XCSwiftPackageProductDependency section */
	};
	rootObject = 54CF0F4B285D8984007F833A /* Project object */;
}
